// !$*UTF8*$!
{
	archiveVersion = 1;
	classes = {
	};
	objectVersion = 46;
	objects = {

/* Begin PBXBuildFile section */
		7451F5A61CC66B6100EB2E2F /* AppDelegate.swift in Sources */ = {isa = PBXBuildFile; fileRef = 7451F5A51CC66B6100EB2E2F /* AppDelegate.swift */; };
		7451F5A81CC66B6100EB2E2F /* ViewController.swift in Sources */ = {isa = PBXBuildFile; fileRef = 7451F5A71CC66B6100EB2E2F /* ViewController.swift */; };
		7451F5AB1CC66B6100EB2E2F /* Main.storyboard in Resources */ = {isa = PBXBuildFile; fileRef = 7451F5A91CC66B6100EB2E2F /* Main.storyboard */; };
		7451F5AD1CC66B6100EB2E2F /* Assets.xcassets in Resources */ = {isa = PBXBuildFile; fileRef = 7451F5AC1CC66B6100EB2E2F /* Assets.xcassets */; };
		7451F5B01CC66B6100EB2E2F /* LaunchScreen.storyboard in Resources */ = {isa = PBXBuildFile; fileRef = 7451F5AE1CC66B6100EB2E2F /* LaunchScreen.storyboard */; };
		7451F5B81CC6736500EB2E2F /* YellowVC.swift in Sources */ = {isa = PBXBuildFile; fileRef = 7451F5B71CC6736500EB2E2F /* YellowVC.swift */; };
/* End PBXBuildFile section */

/* Begin PBXFileReference section */
		7451F5A21CC66B6100EB2E2F /* SampleNavigationController.app */ = {isa = PBXFileReference; explicitFileType = wrapper.application; includeInIndex = 0; path = SampleNavigationController.app; sourceTree = BUILT_PRODUCTS_DIR; };
		7451F5A51CC66B6100EB2E2F /* AppDelegate.swift */ = {isa = PBXFileReference; lastKnownFileType = sourcecode.swift; path = AppDelegate.swift; sourceTree = "<group>"; };
		7451F5A71CC66B6100EB2E2F /* ViewController.swift */ = {isa = PBXFileReference; lastKnownFileType = sourcecode.swift; path = ViewController.swift; sourceTree = "<group>"; };
		7451F5AA1CC66B6100EB2E2F /* Base */ = {isa = PBXFileReference; lastKnownFileType = file.storyboard; name = Base; path = Base.lproj/Main.storyboard; sourceTree = "<group>"; };
		7451F5AC1CC66B6100EB2E2F /* Assets.xcassets */ = {isa = PBXFileReference; lastKnownFileType = folder.assetcatalog; path = Assets.xcassets; sourceTree = "<group>"; };
		7451F5AF1CC66B6100EB2E2F /* Base */ = {isa = PBXFileReference; lastKnownFileType = file.storyboard; name = Base; path = Base.lproj/LaunchScreen.storyboard; sourceTree = "<group>"; };
		7451F5B11CC66B6100EB2E2F /* Info.plist */ = {isa = PBXFileReference; lastKnownFileType = text.plist.xml; path = Info.plist; sourceTree = "<group>"; };
		7451F5B71CC6736500EB2E2F /* YellowVC.swift */ = {isa = PBXFileReference; fileEncoding = 4; lastKnownFileType = sourcecode.swift; path = YellowVC.swift; sourceTree = "<group>"; };
/* End PBXFileReference section */

/* Begin PBXFrameworksBuildPhase section */
		7451F59F1CC66B6100EB2E2F /* Frameworks */ = {
			isa = PBXFrameworksBuildPhase;
			buildActionMask = 2147483647;
			files = (
			);
			runOnlyForDeploymentPostprocessing = 0;
		};
/* End PBXFrameworksBuildPhase section */

/* Begin PBXGroup section */
		7451F5991CC66B6100EB2E2F = {
			isa = PBXGroup;
			children = (
				7451F5A41CC66B6100EB2E2F /* SampleNavigationController */,
				7451F5A31CC66B6100EB2E2F /* Products */,
			);
			sourceTree = "<group>";
		};
		7451F5A31CC66B6100EB2E2F /* Products */ = {
			isa = PBXGroup;
			children = (
				7451F5A21CC66B6100EB2E2F /* SampleNavigationController.app */,
			);
			name = Products;
			sourceTree = "<group>";
		};
		7451F5A41CC66B6100EB2E2F /* SampleNavigationController */ = {
			isa = PBXGroup;
			children = (
				7451F5A51CC66B6100EB2E2F /* AppDelegate.swift */,
				7451F5A71CC66B6100EB2E2F /* ViewController.swift */,
				7451F5A91CC66B6100EB2E2F /* Main.storyboard */,
				7451F5AC1CC66B6100EB2E2F /* Assets.xcassets */,
				7451F5AE1CC66B6100EB2E2F /* LaunchScreen.storyboard */,
				7451F5B11CC66B6100EB2E2F /* Info.plist */,
				7451F5B71CC6736500EB2E2F /* YellowVC.swift */,
			);
			path = SampleNavigationController;
			sourceTree = "<group>";
		};
/* End PBXGroup section */

/* Begin PBXNativeTarget section */
		7451F5A11CC66B6100EB2E2F /* SampleNavigationController */ = {
			isa = PBXNativeTarget;
			buildConfigurationList = 7451F5B41CC66B6100EB2E2F /* Build configuration list for PBXNativeTarget "SampleNavigationController" */;
			buildPhases = (
				7451F59E1CC66B6100EB2E2F /* Sources */,
				7451F59F1CC66B6100EB2E2F /* Frameworks */,
				7451F5A01CC66B6100EB2E2F /* Resources */,
			);
			buildRules = (
			);
			dependencies = (
			);
			name = SampleNavigationController;
			productName = SampleNavigationController;
			productReference = 7451F5A21CC66B6100EB2E2F /* SampleNavigationController.app */;
			productType = "com.apple.product-type.application";
		};
/* End PBXNativeTarget section */

/* Begin PBXProject section */
		7451F59A1CC66B6100EB2E2F /* Project object */ = {
			isa = PBXProject;
			attributes = {
				LastSwiftUpdateCheck = 0730;
				LastUpgradeCheck = 0730;
				ORGANIZATIONNAME = SeoDongHee;
				TargetAttributes = {
					7451F5A11CC66B6100EB2E2F = {
						CreatedOnToolsVersion = 7.3;
					};
				};
			};
			buildConfigurationList = 7451F59D1CC66B6100EB2E2F /* Build configuration list for PBXProject "SampleNavigationController" */;
			compatibilityVersion = "Xcode 3.2";
			developmentRegion = English;
			hasScannedForEncodings = 0;
			knownRegions = (
				en,
				Base,
			);
			mainGroup = 7451F5991CC66B6100EB2E2F;
			productRefGroup = 7451F5A31CC66B6100EB2E2F /* Products */;
			projectDirPath = "";
			projectRoot = "";
			targets = (
				7451F5A11CC66B6100EB2E2F /* SampleNavigationController */,
			);
		};
/* End PBXProject section */

/* Begin PBXResourcesBuildPhase section */
		7451F5A01CC66B6100EB2E2F /* Resources */ = {
			isa = PBXResourcesBuildPhase;
			buildActionMask = 2147483647;
			files = (
				7451F5B01CC66B6100EB2E2F /* LaunchScreen.storyboard in Resources */,
				7451F5AD1CC66B6100EB2E2F /* Assets.xcassets in Resources */,
				7451F5AB1CC66B6100EB2E2F /* Main.storyboard in Resources */,
			);
			runOnlyForDeploymentPostprocessing = 0;
		};
/* End PBXResourcesBuildPhase section */

/* Begin PBXSourcesBuildPhase section */
		7451F59E1CC66B6100EB2E2F /* Sources */ = {
			isa = PBXSourcesBuildPhase;
			buildActionMask = 2147483647;
			files = (
				7451F5A81CC66B6100EB2E2F /* ViewController.swift in Sources */,
				7451F5A61CC66B6100EB2E2F /* AppDelegate.swift in Sources */,
				7451F5B81CC6736500EB2E2F /* YellowVC.swift in Sources */,
			);
			runOnlyForDeploymentPostprocessing = 0;
		};
/* End PBXSourcesBuildPhase section */

/* Begin PBXVariantGroup section */
		7451F5A91CC66B6100EB2E2F /* Main.storyboard */ = {
			isa = PBXVariantGroup;
			children = (
				7451F5AA1CC66B6100EB2E2F /* Base */,
			);
			name = Main.storyboard;
			sourceTree = "<group>";
		};
		7451F5AE1CC66B6100EB2E2F /* LaunchScreen.storyboard */ = {
			isa = PBXVariantGroup;
			children = (
				7451F5AF1CC66B6100EB2E2F /* Base */,
			);
			name = LaunchScreen.storyboard;
			sourceTree = "<group>";
		};
/* End PBXVariantGroup section */

/* Begin XCBuildConfiguration section */
		7451F5B21CC66B6100EB2E2F /* Debug */ = {
			isa = XCBuildConfiguration;
			buildSettings = {
				ALWAYS_SEARCH_USER_PATHS = NO;
				CLANG_ANALYZER_NONNULL = YES;
				CLANG_CXX_LANGUAGE_STANDARD = "gnu++0x";
				CLANG_CXX_LIBRARY = "libc++";
				CLANG_ENABLE_MODULES = YES;
				CLANG_ENABLE_OBJC_ARC = YES;
				CLANG_WARN_BOOL_CONVERSION = YES;
				CLANG_WARN_CONSTANT_CONVERSION = YES;
				CLANG_WARN_DIRECT_OBJC_ISA_USAGE = YES_ERROR;
				CLANG_WARN_EMPTY_BODY = YES;
				CLANG_WARN_ENUM_CONVERSION = YES;
				CLANG_WARN_INT_CONVERSION = YES;
				CLANG_WARN_OBJC_ROOT_CLASS = YES_ERROR;
				CLANG_WARN_UNREACHABLE_CODE = YES;
				CLANG_WARN__DUPLICATE_METHOD_MATCH = YES;
				"CODE_SIGN_IDENTITY[sdk=iphoneos*]" = "iPhone Developer";
				COPY_PHASE_STRIP = NO;
				DEBUG_INFORMATION_FORMAT = dwarf;
				ENABLE_STRICT_OBJC_MSGSEND = YES;
				ENABLE_TESTABILITY = YES;
				GCC_C_LANGUAGE_STANDARD = gnu99;
				GCC_DYNAMIC_NO_PIC = NO;
				GCC_NO_COMMON_BLOCKS = YES;
				GCC_OPTIMIZATION_LEVEL = 0;
				GCC_PREPROCESSOR_DEFINITIONS = (
					"DEBUG=1",
					"$(inherited)",
				);
				GCC_WARN_64_TO_32_BIT_CONVERSION = YES;
				GCC_WARN_ABOUT_RETURN_TYPE = YES_ERROR;
				GCC_WARN_UNDECLARED_SELECTOR = YES;
				GCC_WARN_UNINITIALIZED_AUTOS = YES_AGGRESSIVE;
				GCC_WARN_UNUSED_FUNCTION = YES;
				GCC_WARN_UNUSED_VARIABLE = YES;
				IPHONEOS_DEPLOYMENT_TARGET = 9.3;
				MTL_ENABLE_DEBUG_INFO = YES;
				ONLY_ACTIVE_ARCH = YES;
				SDKROOT = iphoneos;
				SWIFT_OPTIMIZATION_LEVEL = "-Onone";
				TARGETED_DEVICE_FAMILY = "1,2";
			};
			name = Debug;
		};
		7451F5B31CC66B6100EB2E2F /* Release */ = {
			isa = XCBuildConfiguration;
			buildSettings = {
				ALWAYS_SEARCH_USER_PATHS = NO;
				CLANG_ANALYZER_NONNULL = YES;
				CLANG_CXX_LANGUAGE_STANDARD = "gnu++0x";
				CLANG_CXX_LIBRARY = "libc++";
				CLANG_ENABLE_MODULES = YES;
				CLANG_ENABLE_OBJC_ARC = YES;
				CLANG_WARN_BOOL_CONVERSION = YES;
				CLANG_WARN_CONSTANT_CONVERSION = YES;
				CLANG_WARN_DIRECT_OBJC_ISA_USAGE = YES_ERROR;
				CLANG_WARN_EMPTY_BODY = YES;
				CLANG_WARN_ENUM_CONVERSION = YES;
				CLANG_WARN_INT_CONVERSION = YES;
				CLANG_WARN_OBJC_ROOT_CLASS = YES_ERROR;
				CLANG_WARN_UNREACHABLE_CODE = YES;
				CLANG_WARN__DUPLICATE_METHOD_MATCH = YES;
				"CODE_SIGN_IDENTITY[sdk=iphoneos*]" = "iPhone Developer";
				COPY_PHASE_STRIP = NO;
				DEBUG_INFORMATION_FORMAT = "dwarf-with-dsym";
				ENABLE_NS_ASSERTIONS = NO;
				ENABLE_STRICT_OBJC_MSGSEND = YES;
				GCC_C_LANGUAGE_STANDARD = gnu99;
				GCC_NO_COMMON_BLOCKS = YES;
				GCC_WARN_64_TO_32_BIT_CONVERSION = YES;
				GCC_WARN_ABOUT_RETURN_TYPE = YES_ERROR;
				GCC_WARN_UNDECLARED_SELECTOR = YES;
				GCC_WARN_UNINITIALIZED_AUTOS = YES_AGGRESSIVE;
				GCC_WARN_UNUSED_FUNCTION = YES;
				GCC_WARN_UNUSED_VARIABLE = YES;
				IPHONEOS_DEPLOYMENT_TARGET = 9.3;
				MTL_ENABLE_DEBUG_INFO = NO;
				SDKROOT = iphoneos;
				TARGETED_DEVICE_FAMILY = "1,2";
				VALIDATE_PRODUCT = YES;
			};
			name = Release;
		};
		7451F5B51CC66B6100EB2E2F /* Debug */ = {
			isa = XCBuildConfiguration;
			buildSettings = {
				ASSETCATALOG_COMPILER_APPICON_NAME = AppIcon;
				INFOPLIST_FILE = SampleNavigationController/Info.plist;
				LD_RUNPATH_SEARCH_PATHS = "$(inherited) @executable_path/Frameworks";
				PRODUCT_BUNDLE_IDENTIFIER = com.songahbie.SampleNavigationController;
				PRODUCT_NAME = "$(TARGET_NAME)";
			};
			name = Debug;
		};
		7451F5B61CC66B6100EB2E2F /* Release */ = {
			isa = XCBuildConfiguration;
			buildSettings = {
				ASSETCATALOG_COMPILER_APPICON_NAME = AppIcon;
				INFOPLIST_FILE = SampleNavigationController/Info.plist;
				LD_RUNPATH_SEARCH_PATHS = "$(inherited) @executable_path/Frameworks";
				PRODUCT_BUNDLE_IDENTIFIER = com.songahbie.SampleNavigationController;
				PRODUCT_NAME = "$(TARGET_NAME)";
			};
			name = Release;
		};
/* End XCBuildConfiguration section */

/* Begin XCConfigurationList section */
		7451F59D1CC66B6100EB2E2F /* Build configuration list for PBXProject "SampleNavigationController" */ = {
			isa = XCConfigurationList;
			buildConfigurations = (
				7451F5B21CC66B6100EB2E2F /* Debug */,
				7451F5B31CC66B6100EB2E2F /* Release */,
			);
			defaultConfigurationIsVisible = 0;
			defaultConfigurationName = Release;
		};
		7451F5B41CC66B6100EB2E2F /* Build configuration list for PBXNativeTarget "SampleNavigationController" */ = {
			isa = XCConfigurationList;
			buildConfigurations = (
				7451F5B51CC66B6100EB2E2F /* Debug */,
				7451F5B61CC66B6100EB2E2F /* Release */,
			);
			defaultConfigurationIsVisible = 0;
		};
/* End XCConfigurationList section */
	};
	rootObject = 7451F59A1CC66B6100EB2E2F /* Project object */;
}
